{
  "nodes": {
    "nixpkgs": {
      "locked": {
        "lastModified": 1671405079,
        "narHash": "sha256-eKSdWv1Qsi8EODJB1CwErpPGPgP0CMYY+bdRiNMGP3k=",
        "owner": "nixos",
        "repo": "nixpkgs",
        "rev": "e388728ddf131e4442906f90fd365b11fe999aac",
        "type": "github"
      },
      "original": {
        "owner": "nixos",
        "repo": "nixpkgs",
        "type": "github"
      }
    },
    "root": {
      "inputs": {
        "nixpkgs": "nixpkgs"
      }
    }
  },
  "root": "root",
  "version": 7
}
